<?xml version="1.0" encoding="utf-8"?>
<Project ToolsVersion="4.0" xmlns="http://schemas.microsoft.com/developer/msbuild/2003">
  <ItemGroup>
    <Filter Include="Public">
      <UniqueIdentifier>{d6835190-0fe4-4bdd-bfc8-74ff95e50111}</UniqueIdentifier>
    </Filter>
    <Filter Include="Private">
      <UniqueIdentifier>{90146111-fcd3-449f-a57d-c0e6c3a8084f}</UniqueIdentifier>
    </Filter>
    <Filter Include="Public\Framework">
      <UniqueIdentifier>{2b366da3-dc0e-4a16-9730-6ca51c4478de}</UniqueIdentifier>
    </Filter>
    <Filter Include="Public\Framework\Math">
      <UniqueIdentifier>{62a93b29-3e2c-4e48-84e2-ad9c5be5ff32}</UniqueIdentifier>
    </Filter>
    <Filter Include="Private\Math">
      <UniqueIdentifier>{1a92b244-c3c1-4caa-9edb-a466f8c3e08e}</UniqueIdentifier>
    </Filter>
    <Filter Include="Public\Framework\Core">
      <UniqueIdentifier>{f1f8bf22-954e-43fc-b419-3cac47d9157d}</UniqueIdentifier>
    </Filter>
    <Filter Include="Private\Core">
      <UniqueIdentifier>{57229d6c-011a-420c-af25-be4df66b96a3}</UniqueIdentifier>
    </Filter>
    <Filter Include="Private\Platform">
      <UniqueIdentifier>{a4abcfb8-5c95-490e-9741-9f88fbb81563}</UniqueIdentifier>
    </Filter>
    <Filter Include="Public\Framework\Platform">
      <UniqueIdentifier>{8c91d25c-3c72-4720-91e4-5f88abc331fb}</UniqueIdentifier>
    </Filter>
    <Filter Include="Public\Framework\Graphics">
      <UniqueIdentifier>{789ccf37-888f-4ab3-88a8-5646c9e7de5d}</UniqueIdentifier>
    </Filter>
  </ItemGroup>
  <ItemGroup>
    <ClInclude Include="Private\Precompiled.hpp">
      <Filter>Private</Filter>
    </ClInclude>
    <ClInclude Include="Public\Framework\Math\ColorRGB.hpp">
      <Filter>Public\Framework\Math</Filter>
    </ClInclude>
    <ClInclude Include="Public\Framework\Math\ColorRGBA.hpp">
      <Filter>Public\Framework\Math</Filter>
    </ClInclude>
    <ClInclude Include="Public\Framework\Math\Mathf.hpp">
      <Filter>Public\Framework\Math</Filter>
    </ClInclude>
    <ClInclude Include="Public\Framework\Math\Matrix4x4.hpp">
      <Filter>Public\Framework\Math</Filter>
    </ClInclude>
    <ClInclude Include="Public\Framework\Math\Quaternion.hpp">
      <Filter>Public\Framework\Math</Filter>
    </ClInclude>
    <ClInclude Include="Public\Framework\Math\Vector2D.hpp">
      <Filter>Public\Framework\Math</Filter>
    </ClInclude>
    <ClInclude Include="Public\Framework\Math\Vector3D.hpp">
      <Filter>Public\Framework\Math</Filter>
    </ClInclude>
    <ClInclude Include="Public\Framework\Math\Vector4D.hpp">
      <Filter>Public\Framework\Math</Filter>
    </ClInclude>
    <ClInclude Include="Public\Framework\Math.hpp">
      <Filter>Public\Framework</Filter>
    </ClInclude>
    <ClInclude Include="Public\Framework\Core.hpp">
      <Filter>Public\Framework</Filter>
    </ClInclude>
    <ClInclude Include="Public\Framework\Core\System.hpp">
      <Filter>Public\Framework\Core</Filter>
    </ClInclude>
    <ClInclude Include="Public\Framework\Core\Engine.hpp">
      <Filter>Public\Framework\Core</Filter>
    </ClInclude>
    <ClInclude Include="Public\Framework\Core\EngineSubsystem.hpp">
      <Filter>Public\Framework\Core</Filter>
    </ClInclude>
    <ClInclude Include="Public\Framework\Core\Game.hpp">
      <Filter>Public\Framework\Core</Filter>
    </ClInclude>
    <ClInclude Include="Public\Framework\Core\GameSubsystem.hpp">
      <Filter>Public\Framework\Core</Filter>
    </ClInclude>
    <ClInclude Include="Public\Framework\Core\Subsystem.hpp">
      <Filter>Public\Framework\Core</Filter>
    </ClInclude>
    <ClInclude Include="Public\Framework\Platform\EventSubsystem.hpp">
      <Filter>Public\Framework\Platform</Filter>
    </ClInclude>
    <ClInclude Include="Public\Framework\Platform\TimeSubsystem.hpp">
      <Filter>Public\Framework\Platform</Filter>
    </ClInclude>
    <ClInclude Include="Public\Framework\Platform\Window.hpp">
      <Filter>Public\Framework\Platform</Filter>
    </ClInclude>
    <ClInclude Include="Public\Framework\Platform\WindowOptions.hpp">
      <Filter>Public\Framework\Platform</Filter>
    </ClInclude>
    <ClInclude Include="Public\Framework\Platform\WindowSubsystem.hpp">
      <Filter>Public\Framework\Platform</Filter>
    </ClInclude>
    <ClInclude Include="Public\Framework\Platform.hpp">
      <Filter>Public\Framework</Filter>
    </ClInclude>
    <ClInclude Include="Private\Platform\WindowInternal.hpp">
      <Filter>Private\Platform</Filter>
    </ClInclude>
    <ClInclude Include="Public\Framework\Graphics\RenderSubsystem.hpp">
      <Filter>Public\Framework\Graphics</Filter>
    </ClInclude>
    <ClInclude Include="Public\Framework\Graphics\RenderContext.hpp">
      <Filter>Public\Framework\Graphics</Filter>
    </ClInclude>
    <ClInclude Include="Public\Framework\Graphics.hpp">
      <Filter>Public\Framework</Filter>
    </ClInclude>
  </ItemGroup>
  <ItemGroup>
    <ClCompile Include="Private\Precompiled.cpp">
      <Filter>Private</Filter>
    </ClCompile>
    <ClCompile Include="Private\Math\ColorRGB.cpp">
      <Filter>Private\Math</Filter>
    </ClCompile>
    <ClCompile Include="Private\Math\ColorRGBA.cpp">
      <Filter>Private\Math</Filter>
    </ClCompile>
    <ClCompile Include="Private\Math\Matrix4x4.cpp">
      <Filter>Private\Math</Filter>
    </ClCompile>
    <ClCompile Include="Private\Math\Quaternion.cpp">
      <Filter>Private\Math</Filter>
    </ClCompile>
    <ClCompile Include="Private\Math\Vector2D.cpp">
      <Filter>Private\Math</Filter>
    </ClCompile>
    <ClCompile Include="Private\Math\Vector3D.cpp">
      <Filter>Private\Math</Filter>
    </ClCompile>
    <ClCompile Include="Private\Math\Vector4D.cpp">
      <Filter>Private\Math</Filter>
    </ClCompile>
    <ClCompile Include="Private\Core\Engine.cpp">
      <Filter>Private\Core</Filter>
    </ClCompile>
    <ClCompile Include="Private\Core\EngineSubsystem.cpp">
      <Filter>Private\Core</Filter>
    </ClCompile>
    <ClCompile Include="Private\Core\Game.cpp">
      <Filter>Private\Core</Filter>
    </ClCompile>
    <ClCompile Include="Private\Core\GameSubsystem.cpp">
      <Filter>Private\Core</Filter>
    </ClCompile>
    <ClCompile Include="Private\Core\Subsystem.cpp">
      <Filter>Private\Core</Filter>
    </ClCompile>
    <ClCompile Include="Private\Core\System.cpp">
      <Filter>Private\Core</Filter>
    </ClCompile>
    <ClCompile Include="Private\Platform\EventSubsystem.cpp">
      <Filter>Private\Platform</Filter>
    </ClCompile>
    <ClCompile Include="Private\Platform\TimeSubsystem.cpp">
      <Filter>Private\Platform</Filter>
    </ClCompile>
    <ClCompile Include="Private\Platform\Window.cpp">
      <Filter>Private\Platform</Filter>
    </ClCompile>
    <ClCompile Include="Private\Platform\WindowOptions.cpp">
      <Filter>Private\Platform</Filter>
    </ClCompile>
    <ClCompile Include="Private\Platform\WindowSubsystem.cpp">
      <Filter>Private\Platform</Filter>
    </ClCompile>
    <ClCompile Include="Private\Platform\WindowInternal.cpp">
      <Filter>Private\Platform</Filter>
    </ClCompile>
  </ItemGroup>
</Project>