<?xml version="1.0" encoding="utf-8"?>
<Project ToolsVersion="4.0" xmlns="http://schemas.microsoft.com/developer/msbuild/2003">
  <ItemGroup>
    <Filter Include="Sources">
      <UniqueIdentifier>{e6aa67ed-e75d-4ddd-886a-3adef9b5c482}</UniqueIdentifier>
    </Filter>
    <Filter Include="Sources\Platform">
      <UniqueIdentifier>{775a150b-b80c-4a23-b585-4d785fb4dca0}</UniqueIdentifier>
    </Filter>
    <Filter Include="Sources\Core">
      <UniqueIdentifier>{35068eb3-b91f-4527-814b-c3c338df985d}</UniqueIdentifier>
    </Filter>
  </ItemGroup>
  <ItemGroup>
    <ClCompile Include="Sources\Private\Precompiled.cpp">
      <Filter>Sources</Filter>
    </ClCompile>
    <ClCompile Include="Sources\Private\Platform\WindowInternal.cpp">
      <Filter>Sources\Platform</Filter>
    </ClCompile>
    <ClCompile Include="Sources\Public\Framework\Core\Engine.cpp">
      <Filter>Sources\Core</Filter>
    </ClCompile>
    <ClCompile Include="Sources\Private\Platform\WindowSubsystem.cpp">
      <Filter>Sources\Platform</Filter>
    </ClCompile>
  </ItemGroup>
  <ItemGroup>
    <ClInclude Include="Sources\Private\Precompiled.h">
      <Filter>Sources</Filter>
    </ClInclude>
    <ClInclude Include="Sources\Private\Platform\WindowInternal.h">
      <Filter>Sources\Platform</Filter>
    </ClInclude>
    <ClInclude Include="Sources\Public\Framework\Platform\Window.h">
      <Filter>Sources\Platform</Filter>
    </ClInclude>
    <ClInclude Include="Sources\Public\Framework\Core\Engine.h">
      <Filter>Sources\Core</Filter>
    </ClInclude>
    <ClInclude Include="Sources\Public\Framework\Core\Subsystem.h">
      <Filter>Sources\Core</Filter>
    </ClInclude>
    <ClInclude Include="Sources\Public\Framework\Platform\WindowSubsystem.h">
      <Filter>Sources\Platform</Filter>
    </ClInclude>
    <ClInclude Include="Sources\Public\Framework\Platform\WindowFlags.h">
      <Filter>Sources\Platform</Filter>
    </ClInclude>
    <ClInclude Include="Sources\Public\Framework\Platform\WindowOptions.h">
      <Filter>Sources\Platform</Filter>
    </ClInclude>
  </ItemGroup>
</Project>