<?xml version="1.0" encoding="utf-8"?>
<Project ToolsVersion="4.0" xmlns="http://schemas.microsoft.com/developer/msbuild/2003">
  <ItemGroup>
    <Filter Include="Public">
      <UniqueIdentifier>{d6835190-0fe4-4bdd-bfc8-74ff95e50111}</UniqueIdentifier>
    </Filter>
    <Filter Include="Private">
      <UniqueIdentifier>{90146111-fcd3-449f-a57d-c0e6c3a8084f}</UniqueIdentifier>
    </Filter>
    <Filter Include="Public\Framework">
      <UniqueIdentifier>{2b366da3-dc0e-4a16-9730-6ca51c4478de}</UniqueIdentifier>
    </Filter>
    <Filter Include="Public\Framework\Core">
      <UniqueIdentifier>{48acd3a8-784b-406f-933f-f1c2a3b874fc}</UniqueIdentifier>
    </Filter>
    <Filter Include="Public\Framework\Math">
      <UniqueIdentifier>{62a93b29-3e2c-4e48-84e2-ad9c5be5ff32}</UniqueIdentifier>
    </Filter>
    <Filter Include="Private\Math">
      <UniqueIdentifier>{1a92b244-c3c1-4caa-9edb-a466f8c3e08e}</UniqueIdentifier>
    </Filter>
  </ItemGroup>
  <ItemGroup>
    <ClInclude Include="Private\Precompiled.hpp">
      <Filter>Private</Filter>
    </ClInclude>
    <ClInclude Include="Public\Framework\Math\ColorRGB.hpp">
      <Filter>Public\Framework\Math</Filter>
    </ClInclude>
    <ClInclude Include="Public\Framework\Math\ColorRGBA.hpp">
      <Filter>Public\Framework\Math</Filter>
    </ClInclude>
    <ClInclude Include="Public\Framework\Math\Mathf.hpp">
      <Filter>Public\Framework\Math</Filter>
    </ClInclude>
    <ClInclude Include="Public\Framework\Math\Matrix4x4.hpp">
      <Filter>Public\Framework\Math</Filter>
    </ClInclude>
    <ClInclude Include="Public\Framework\Math\Quaternion.hpp">
      <Filter>Public\Framework\Math</Filter>
    </ClInclude>
    <ClInclude Include="Public\Framework\Math\Vector2D.hpp">
      <Filter>Public\Framework\Math</Filter>
    </ClInclude>
    <ClInclude Include="Public\Framework\Math\Vector3D.hpp">
      <Filter>Public\Framework\Math</Filter>
    </ClInclude>
    <ClInclude Include="Public\Framework\Math\Vector4D.hpp">
      <Filter>Public\Framework\Math</Filter>
    </ClInclude>
    <ClInclude Include="Public\Framework\Math.hpp">
      <Filter>Public\Framework</Filter>
    </ClInclude>
  </ItemGroup>
  <ItemGroup>
    <ClCompile Include="Private\Precompiled.cpp">
      <Filter>Private</Filter>
    </ClCompile>
    <ClCompile Include="Private\Math\ColorRGB.cpp">
      <Filter>Private\Math</Filter>
    </ClCompile>
    <ClCompile Include="Private\Math\ColorRGBA.cpp">
      <Filter>Private\Math</Filter>
    </ClCompile>
    <ClCompile Include="Private\Math\Matrix4x4.cpp">
      <Filter>Private\Math</Filter>
    </ClCompile>
    <ClCompile Include="Private\Math\Quaternion.cpp">
      <Filter>Private\Math</Filter>
    </ClCompile>
    <ClCompile Include="Private\Math\Vector2D.cpp">
      <Filter>Private\Math</Filter>
    </ClCompile>
    <ClCompile Include="Private\Math\Vector3D.cpp">
      <Filter>Private\Math</Filter>
    </ClCompile>
    <ClCompile Include="Private\Math\Vector4D.cpp">
      <Filter>Private\Math</Filter>
    </ClCompile>
  </ItemGroup>
</Project>